{
  "name": "collab-editor",
  "lockfileVersion": 3,
  "requires": true,
  "packages": {
    "": {
      "name": "collab-editor",
      "workspaces": [
        "client",
        "server",
        "shared"
      ]
    },
    "node_modules/@collab-editor/server": {
      "resolved": "server",
      "link": true
    },
    "node_modules/@collab-editor/shared": {
      "resolved": "shared",
      "link": true
    },
    "node_modules/@esbuild/win32-x64": {
      "version": "0.27.4",
      "cpu": [
        "x64"
      ],
      "dev": true,
      "license": "MIT",
      "optional": true,
      "os": [
        "win32"
      ],
      "engines": {
        "node": ">=18"
      }
    },
    "node_modules/@fastify/ajv-compiler": {
      "version": "3.6.0",
      "license": "MIT",
      "dependencies": {
        "ajv": "^8.11.0",
        "ajv-formats": "^2.1.1",
        "fast-uri": "^2.0.0"
      }
    },
    "node_modules/@fastify/cors": {
      "version": "9.0.1",
      "license": "MIT",
      "dependencies": {
        "fastify-plugin": "^4.0.0",
        "mnemonist": "0.39.6"
      }
    },
    "node_modules/@fastify/error": {
      "version": "3.4.1",
      "license": "MIT"
    },
    "node_modules/@fastify/fast-json-stringify-compiler": {
      "version": "4.3.0",
      "license": "MIT",
      "dependencies": {
        "fast-json-stringify": "^5.7.0"
      }
    },
    "node_modules/@fastify/jwt": {
      "version": "8.0.1",
      "license": "MIT",
      "dependencies": {
        "@fastify/error": "^3.0.0",
        "@lukeed/ms": "^2.0.0",
        "fast-jwt": "^4.0.0",
        "fastify-plugin": "^4.0.0",
        "steed": "^1.1.3"
      }
    },
    "node_modules/@fastify/merge-json-schemas": {
      "version": "0.1.1",
      "license": "MIT",
      "dependencies": {
        "fast-deep-equal": "^3.1.3"
      }
    },
    "node_modules/@lukeed/ms": {
      "version": "2.0.2",
      "license": "MIT",
      "engines": {
        "node": ">=8"
      }
    },
    "node_modules/@pinojs/redact": {
      "version": "0.4.0",
      "license": "MIT"
    },
    "node_modules/@prisma/client": {
      "version": "5.22.0",
      "hasInstallScript": true,
      "license": "Apache-2.0",
      "engines": {
        "node": ">=16.13"
      },
      "peerDependencies": {
        "prisma": "*"
      },
      "peerDependenciesMeta": {
        "prisma": {
          "optional": true
        }
      }
    },
    "node_modules/@prisma/debug": {
      "version": "5.22.0",
      "dev": true,
      "license": "Apache-2.0"
    },
    "node_modules/@prisma/engines": {
      "version": "5.22.0",
      "dev": true,
      "hasInstallScript": true,
      "license": "Apache-2.0",
      "dependencies": {
        "@prisma/debug": "5.22.0",
        "@prisma/engines-version": "5.22.0-44.605197351a3c8bdd595af2d2a9bc3025bca48ea2",
        "@prisma/fetch-engine": "5.22.0",
        "@prisma/get-platform": "5.22.0"
      }
    },
    "node_modules/@prisma/engines-version": {
      "version": "5.22.0-44.605197351a3c8bdd595af2d2a9bc3025bca48ea2",
      "dev": true,
      "license": "Apache-2.0"
    },
    "node_modules/@prisma/fetch-engine": {
      "version": "5.22.0",
      "dev": true,
      "license": "Apache-2.0",
      "dependencies": {
        "@prisma/debug": "5.22.0",
        "@prisma/engines-version": "5.22.0-44.605197351a3c8bdd595af2d2a9bc3025bca48ea2",
        "@prisma/get-platform": "5.22.0"
      }
    },
    "node_modules/@prisma/get-platform": {
      "version": "5.22.0",
      "dev": true,
      "license": "Apache-2.0",
      "dependencies": {
        "@prisma/debug": "5.22.0"
      }
    },
    "node_modules/@types/bcryptjs": {
      "version": "2.4.6",
      "dev": true,
      "license": "MIT"
    },
    "node_modules/@types/node": {
      "version": "22.19.15",
      "dev": true,
      "license": "MIT",
      "dependencies": {
        "undici-types": "~6.21.0"
      }
    },
    "node_modules/abstract-logging": {
      "version": "2.0.1",
      "license": "MIT"
    },
    "node_modules/ajv": {
      "version": "8.18.0",
      "license": "MIT",
      "dependencies": {
        "fast-deep-equal": "^3.1.3",
        "fast-uri": "^3.0.1",
        "json-schema-traverse": "^1.0.0",
        "require-from-string": "^2.0.2"
      },
      "funding": {
        "type": "github",
        "url": "https://github.com/sponsors/epoberezkin"
      }
    },
    "node_modules/ajv-formats": {
      "version": "2.1.1",
      "license": "MIT",
      "dependencies": {
        "ajv": "^8.0.0"
      },
      "peerDependencies": {
        "ajv": "^8.0.0"
      },
      "peerDependenciesMeta": {
        "ajv": {
          "optional": true
        }
      }
    },
    "node_modules/ajv/node_modules/fast-uri": {
      "version": "3.1.0",
      "funding": [
        {
          "type": "github",
          "url": "https://github.com/sponsors/fastify"
        },
        {
          "type": "opencollective",
          "url": "https://opencollective.com/fastify"
        }
      ],
      "license": "BSD-3-Clause"
    },
    "node_modules/asn1.js": {
      "version": "5.4.1",
      "license": "MIT",
      "dependencies": {
        "bn.js": "^4.0.0",
        "inherits": "^2.0.1",
        "minimalistic-assert": "^1.0.0",
        "safer-buffer": "^2.1.0"
      }
    },
    "node_modules/atomic-sleep": {
      "version": "1.0.0",
      "license": "MIT",
      "engines": {
        "node": ">=8.0.0"
      }
    },
    "node_modules/avvio": {
      "version": "8.4.0",
      "license": "MIT",
      "dependencies": {
        "@fastify/error": "^3.3.0",
        "fastq": "^1.17.1"
      }
    },
    "node_modules/bcryptjs": {
      "version": "2.4.3",
      "license": "MIT"
    },
    "node_modules/bn.js": {
      "version": "4.12.3",
      "license": "MIT"
    },
    "node_modules/cookie": {
      "version": "0.7.2",
      "license": "MIT",
      "engines": {
        "node": ">= 0.6"
      }
    },
    "node_modules/dotenv": {
      "version": "16.6.1",
      "license": "BSD-2-Clause",
      "engines": {
        "node": ">=12"
      },
      "funding": {
        "url": "https://dotenvx.com"
      }
    },
    "node_modules/ecdsa-sig-formatter": {
      "version": "1.0.11",
      "license": "Apache-2.0",
      "dependencies": {
        "safe-buffer": "^5.0.1"
      }
    },
    "node_modules/esbuild": {
      "version": "0.27.4",
      "dev": true,
      "hasInstallScript": true,
      "license": "MIT",
      "bin": {
        "esbuild": "bin/esbuild"
      },
      "engines": {
        "node": ">=18"
      },
      "optionalDependencies": {
        "@esbuild/aix-ppc64": "0.27.4",
        "@esbuild/android-arm": "0.27.4",
        "@esbuild/android-arm64": "0.27.4",
        "@esbuild/android-x64": "0.27.4",
        "@esbuild/darwin-arm64": "0.27.4",
        "@esbuild/darwin-x64": "0.27.4",
        "@esbuild/freebsd-arm64": "0.27.4",
        "@esbuild/freebsd-x64": "0.27.4",
        "@esbuild/linux-arm": "0.27.4",
        "@esbuild/linux-arm64": "0.27.4",
        "@esbuild/linux-ia32": "0.27.4",
        "@esbuild/linux-loong64": "0.27.4",
        "@esbuild/linux-mips64el": "0.27.4",
        "@esbuild/linux-ppc64": "0.27.4",
        "@esbuild/linux-riscv64": "0.27.4",
        "@esbuild/linux-s390x": "0.27.4",
        "@esbuild/linux-x64": "0.27.4",
        "@esbuild/netbsd-arm64": "0.27.4",
        "@esbuild/netbsd-x64": "0.27.4",
        "@esbuild/openbsd-arm64": "0.27.4",
        "@esbuild/openbsd-x64": "0.27.4",
        "@esbuild/openharmony-arm64": "0.27.4",
        "@esbuild/sunos-x64": "0.27.4",
        "@esbuild/win32-arm64": "0.27.4",
        "@esbuild/win32-ia32": "0.27.4",
        "@esbuild/win32-x64": "0.27.4"
      }
    },
    "node_modules/fast-content-type-parse": {
      "version": "1.1.0",
      "license": "MIT"
    },
    "node_modules/fast-decode-uri-component": {
      "version": "1.0.1",
      "license": "MIT"
    },
    "node_modules/fast-deep-equal": {
      "version": "3.1.3",
      "license": "MIT"
    },
    "node_modules/fast-json-stringify": {
      "version": "5.16.1",
      "license": "MIT",
      "dependencies": {
        "@fastify/merge-json-schemas": "^0.1.0",
        "ajv": "^8.10.0",
        "ajv-formats": "^3.0.1",
        "fast-deep-equal": "^3.1.3",
        "fast-uri": "^2.1.0",
        "json-schema-ref-resolver": "^1.0.1",
        "rfdc": "^1.2.0"
      }
    },
    "node_modules/fast-json-stringify/node_modules/ajv-formats": {
      "version": "3.0.1",
      "license": "MIT",
      "dependencies": {
        "ajv": "^8.0.0"
      },
      "peerDependencies": {
        "ajv": "^8.0.0"
      },
      "peerDependenciesMeta": {
        "ajv": {
          "optional": true
        }
      }
    },
    "node_modules/fast-jwt": {
      "version": "4.0.5",
      "license": "Apache-2.0",
      "dependencies": {
        "@lukeed/ms": "^2.0.1",
        "asn1.js": "^5.4.1",
        "ecdsa-sig-formatter": "^1.0.11",
        "mnemonist": "^0.39.5"
      },
      "engines": {
        "node": ">=16"
      }
    },
    "node_modules/fast-querystring": {
      "version": "1.1.2",
      "license": "MIT",
      "dependencies": {
        "fast-decode-uri-component": "^1.0.1"
      }
    },
    "node_modules/fast-uri": {
      "version": "2.4.0",
      "license": "MIT"
    },
    "node_modules/fastfall": {
      "version": "1.5.1",
      "license": "MIT",
      "dependencies": {
        "reusify": "^1.0.0"
      },
      "engines": {
        "node": ">=0.10.0"
      }
    },
    "node_modules/fastify": {
      "version": "4.29.1",
      "funding": [
        {
          "type": "github",
          "url": "https://github.com/sponsors/fastify"
        },
        {
          "type": "opencollective",
          "url": "https://opencollective.com/fastify"
        }
      ],
      "license": "MIT",
      "dependencies": {
        "@fastify/ajv-compiler": "^3.5.0",
        "@fastify/error": "^3.4.0",
        "@fastify/fast-json-stringify-compiler": "^4.3.0",
        "abstract-logging": "^2.0.1",
        "avvio": "^8.3.0",
        "fast-content-type-parse": "^1.1.0",
        "fast-json-stringify": "^5.8.0",
        "find-my-way": "^8.0.0",
        "light-my-request": "^5.11.0",
        "pino": "^9.0.0",
        "process-warning": "^3.0.0",
        "proxy-addr": "^2.0.7",
        "rfdc": "^1.3.0",
        "secure-json-parse": "^2.7.0",
        "semver": "^7.5.4",
        "toad-cache": "^3.3.0"
      }
    },
    "node_modules/fastify-plugin": {
      "version": "4.5.1",
      "license": "MIT"
    },
    "node_modules/fastparallel": {
      "version": "2.4.1",
      "license": "ISC",
      "dependencies": {
        "reusify": "^1.0.4",
        "xtend": "^4.0.2"
      }
    },
    "node_modules/fastq": {
      "version": "1.20.1",
      "license": "ISC",
      "dependencies": {
        "reusify": "^1.0.4"
      }
    },
    "node_modules/fastseries": {
      "version": "1.7.2",
      "license": "ISC",
      "dependencies": {
        "reusify": "^1.0.0",
        "xtend": "^4.0.0"
      }
    },
    "node_modules/find-my-way": {
      "version": "8.2.2",
      "license": "MIT",
      "dependencies": {
        "fast-deep-equal": "^3.1.3",
        "fast-querystring": "^1.0.0",
        "safe-regex2": "^3.1.0"
      },
      "engines": {
        "node": ">=14"
      }
    },
    "node_modules/forwarded": {
      "version": "0.2.0",
      "license": "MIT",
      "engines": {
        "node": ">= 0.6"
      }
    },
    "node_modules/get-tsconfig": {
      "version": "4.13.6",
      "dev": true,
      "license": "MIT",
      "dependencies": {
        "resolve-pkg-maps": "^1.0.0"
      },
      "funding": {
        "url": "https://github.com/privatenumber/get-tsconfig?sponsor=1"
      }
    },
    "node_modules/inherits": {
      "version": "2.0.4",
      "license": "ISC"
    },
    "node_modules/ipaddr.js": {
      "version": "1.9.1",
      "license": "MIT",
      "engines": {
        "node": ">= 0.10"
      }
    },
    "node_modules/json-schema-ref-resolver": {
      "version": "1.0.1",
      "license": "MIT",
      "dependencies": {
        "fast-deep-equal": "^3.1.3"
      }
    },
    "node_modules/json-schema-traverse": {
      "version": "1.0.0",
      "license": "MIT"
    },
    "node_modules/light-my-request": {
      "version": "5.14.0",
      "license": "BSD-3-Clause",
      "dependencies": {
        "cookie": "^0.7.0",
        "process-warning": "^3.0.0",
        "set-cookie-parser": "^2.4.1"
      }
    },
    "node_modules/minimalistic-assert": {
      "version": "1.0.1",
      "license": "ISC"
    },
    "node_modules/mnemonist": {
      "version": "0.39.6",
      "license": "MIT",
      "dependencies": {
        "obliterator": "^2.0.1"
      }
    },
    "node_modules/obliterator": {
      "version": "2.0.5",
      "license": "MIT"
    },
    "node_modules/on-exit-leak-free": {
      "version": "2.1.2",
      "license": "MIT",
      "engines": {
        "node": ">=14.0.0"
      }
    },
    "node_modules/pino": {
      "version": "9.14.0",
      "license": "MIT",
      "dependencies": {
        "@pinojs/redact": "^0.4.0",
        "atomic-sleep": "^1.0.0",
        "on-exit-leak-free": "^2.1.0",
        "pino-abstract-transport": "^2.0.0",
        "pino-std-serializers": "^7.0.0",
        "process-warning": "^5.0.0",
        "quick-format-unescaped": "^4.0.3",
        "real-require": "^0.2.0",
        "safe-stable-stringify": "^2.3.1",
        "sonic-boom": "^4.0.1",
        "thread-stream": "^3.0.0"
      },
      "bin": {
        "pino": "bin.js"
      }
    },
    "node_modules/pino-abstract-transport": {
      "version": "2.0.0",
      "license": "MIT",
      "dependencies": {
        "split2": "^4.0.0"
      }
    },
    "node_modules/pino-std-serializers": {
      "version": "7.1.0",
      "license": "MIT"
    },
    "node_modules/pino/node_modules/process-warning": {
      "version": "5.0.0",
      "funding": [
        {
          "type": "github",
          "url": "https://github.com/sponsors/fastify"
        },
        {
          "type": "opencollective",
          "url": "https://opencollective.com/fastify"
        }
      ],
      "license": "MIT"
    },
    "node_modules/prisma": {
      "version": "5.22.0",
      "dev": true,
      "hasInstallScript": true,
      "license": "Apache-2.0",
      "dependencies": {
        "@prisma/engines": "5.22.0"
      },
      "bin": {
        "prisma": "build/index.js"
      },
      "engines": {
        "node": ">=16.13"
      },
      "optionalDependencies": {
        "fsevents": "2.3.3"
      }
    },
    "node_modules/process-warning": {
      "version": "3.0.0",
      "license": "MIT"
    },
    "node_modules/proxy-addr": {
      "version": "2.0.7",
      "license": "MIT",
      "dependencies": {
        "forwarded": "0.2.0",
        "ipaddr.js": "1.9.1"
      },
      "engines": {
        "node": ">= 0.10"
      }
    },
    "node_modules/quick-format-unescaped": {
      "version": "4.0.4",
      "license": "MIT"
    },
    "node_modules/real-require": {
      "version": "0.2.0",
      "license": "MIT",
      "engines": {
        "node": ">= 12.13.0"
      }
    },
    "node_modules/require-from-string": {
      "version": "2.0.2",
      "license": "MIT",
      "engines": {
        "node": ">=0.10.0"
      }
    },
    "node_modules/resolve-pkg-maps": {
      "version": "1.0.0",
      "dev": true,
      "license": "MIT",
      "funding": {
        "url": "https://github.com/privatenumber/resolve-pkg-maps?sponsor=1"
      }
    },
    "node_modules/ret": {
      "version": "0.4.3",
      "license": "MIT",
      "engines": {
        "node": ">=10"
      }
    },
    "node_modules/reusify": {
      "version": "1.1.0",
      "license": "MIT",
      "engines": {
        "iojs": ">=1.0.0",
        "node": ">=0.10.0"
      }
    },
    "node_modules/rfdc": {
      "version": "1.4.1",
      "license": "MIT"
    },
    "node_modules/safe-buffer": {
      "version": "5.2.1",
      "funding": [
        {
          "type": "github",
          "url": "https://github.com/sponsors/feross"
        },
        {
          "type": "patreon",
          "url": "https://www.patreon.com/feross"
        },
        {
          "type": "consulting",
          "url": "https://feross.org/support"
        }
      ],
      "license": "MIT"
    },
    "node_modules/safe-regex2": {
      "version": "3.1.0",
      "license": "MIT",
      "dependencies": {
        "ret": "~0.4.0"
      }
    },
    "node_modules/safe-stable-stringify": {
      "version": "2.5.0",
      "license": "MIT",
      "engines": {
        "node": ">=10"
      }
    },
    "node_modules/safer-buffer": {
      "version": "2.1.2",
      "license": "MIT"
    },
    "node_modules/secure-json-parse": {
      "version": "2.7.0",
      "license": "BSD-3-Clause"
    },
    "node_modules/semver": {
      "version": "7.7.4",
      "license": "ISC",
      "bin": {
        "semver": "bin/semver.js"
      },
      "engines": {
        "node": ">=10"
      }
    },
    "node_modules/set-cookie-parser": {
      "version": "2.7.2",
      "license": "MIT"
    },
    "node_modules/sonic-boom": {
      "version": "4.2.1",
      "license": "MIT",
      "dependencies": {
        "atomic-sleep": "^1.0.0"
      }
    },
    "node_modules/split2": {
      "version": "4.2.0",
      "license": "ISC",
      "engines": {
        "node": ">= 10.x"
      }
    },
    "node_modules/steed": {
      "version": "1.1.3",
      "license": "MIT",
      "dependencies": {
        "fastfall": "^1.5.0",
        "fastparallel": "^2.2.0",
        "fastq": "^1.3.0",
        "fastseries": "^1.7.0",
        "reusify": "^1.0.0"
      }
    },
    "node_modules/thread-stream": {
      "version": "3.1.0",
      "license": "MIT",
      "dependencies": {
        "real-require": "^0.2.0"
      }
    },
    "node_modules/toad-cache": {
      "version": "3.7.0",
      "license": "MIT",
      "engines": {
        "node": ">=12"
      }
    },
    "node_modules/tsx": {
      "version": "4.21.0",
      "dev": true,
      "license": "MIT",
      "dependencies": {
        "esbuild": "~0.27.0",
        "get-tsconfig": "^4.7.5"
      },
      "bin": {
        "tsx": "dist/cli.mjs"
      },
      "engines": {
        "node": ">=18.0.0"
      },
      "optionalDependencies": {
        "fsevents": "~2.3.3"
      }
    },
    "node_modules/typescript": {
      "version": "5.9.3",
      "dev": true,
      "license": "Apache-2.0",
      "bin": {
        "tsc": "bin/tsc",
        "tsserver": "bin/tsserver"
      },
      "engines": {
        "node": ">=14.17"
      }
    },
    "node_modules/undici-types": {
      "version": "6.21.0",
      "dev": true,
      "license": "MIT"
    },
    "node_modules/xtend": {
      "version": "4.0.2",
      "license": "MIT",
      "engines": {
        "node": ">=0.4"
      }
    },
    "server": {
      "name": "@collab-editor/server",
      "version": "1.0.0",
      "dependencies": {
        "@fastify/cors": "^9.0.1",
        "@fastify/jwt": "^8.0.1",
        "@prisma/client": "^5.22.0",
        "bcryptjs": "^2.4.3",
        "dotenv": "^16.4.5",
        "fastify": "^4.28.1"
      },
      "devDependencies": {
        "@types/bcryptjs": "^2.4.6",
        "@types/node": "^22.0.0",
        "prisma": "^5.22.0",
        "tsx": "^4.19.2",
        "typescript": "^5.6.3"
      }
    },
    "shared": {
      "name": "@collab-editor/shared",
      "version": "1.0.0"
    }
  }
}
